# This file is autogenerated, do not edit; changes may be undone by the next 'dep ensure'.


[[projects]]
  digest = "1:4202ab09395574fdc038cf334a5e3c6887fb41dfd281bbc6007becc115cb44b4"
  name = "github.com/Comcast/pulsar-client-go"
  packages = [
    ".",
    "api",
    "frame",
  ]
  pruneopts = ""
  revision = "d669484e60e7f709498a119f36ed060ed0c1eeed"
  version = "v0.1.1"

[[projects]]
  digest = "1:b852d2b62be24e445fcdbad9ce3015b44c207815d631230dfce3f14e7803f5bf"
  name = "github.com/golang/protobuf"
  packages = [
    "descriptor",
    "jsonpb",
    "proto",
    "protoc-gen-go/descriptor",
    "ptypes",
    "ptypes/any",
    "ptypes/duration",
    "ptypes/struct",
    "ptypes/timestamp",
    "ptypes/wrappers",
  ]
  pruneopts = ""
  revision = "6c65a5562fc06764971b7c5d05c76c75e84bdbf7"
  version = "v1.3.2"

[[projects]]
  digest = "1:82f525814411593d55dd1725585c7d706ad70fa24dca036444891a4032271971"
  name = "github.com/grpc-ecosystem/grpc-gateway"
  packages = [
    "internal",
    "runtime",
    "utilities",
  ]
  pruneopts = ""
  revision = "ece8fdf051b731392b407fdb9a9b1b9ffb6f9793"
  version = "v1.11.3"

[[projects]]
  digest = "1:b3c5b95e56c06f5aa72cb2500e6ee5f44fcd122872d4fec2023a488e561218bc"
  name = "github.com/hpcloud/tail"
  packages = [
    ".",
    "ratelimiter",
    "util",
    "watch",
    "winfile",
  ]
  pruneopts = ""
  revision = "a30252cb686a21eb2d0b98132633053ec2f7f1e5"
  version = "v1.0.0"

[[projects]]
  digest = "1:870d441fe217b8e689d7949fef6e43efbc787e50f200cb1e70dbca9204a1d6be"
  name = "github.com/inconshreveable/mousetrap"
  packages = ["."]
  pruneopts = ""
  revision = "76626ae9c91c4f2a10f34cad8ce83ea42c93bb75"
  version = "v1.0"

[[projects]]
  digest = "1:b651ba0ea8155a78a3a2b23e4cc86f85c44ce62856a565632444eb418d0d960e"
  name = "github.com/nalej/derrors"
  packages = ["."]
  pruneopts = ""
  revision = "bfc722761e86fbac74fae4f43db51901a538b72a"
  version = "v2.1.0"

[[projects]]
  digest = "1:516a1ea0b1ca3e3ee4ee7e6a6e9eded2b43f4330c4e3a1fa816a47eedfe16cfc"
  name = "github.com/nalej/grpc-account-go"
  packages = ["."]
  pruneopts = ""
  revision = "5f5186186c7c5914f26a657b24de07a5ca69af5b"
  version = "v0.0.2"

[[projects]]
  digest = "1:b6844eec3faae47051ba88f4c003264e94833a3cc74de0f7e6bd936ccf7ca19b"
  name = "github.com/nalej/grpc-application-go"
  packages = ["."]
  pruneopts = ""
  revision = "27d9d79c7f2d3967057c0934355660d6615d1c45"
  version = "v0.0.86"

[[projects]]
  digest = "1:345c4e990857221495cc88b1d8ce32ee81de776f747b9d4404859896d38f091d"
  name = "github.com/nalej/grpc-application-network-go"
  packages = ["."]
  pruneopts = ""
  revision = "23e31ddcb31803af6616c30e02779ccc44607350"
  version = "v0.0.15"

[[projects]]
  digest = "1:be9824efa8944bc7180a51b2e0c1b62d49902a3e5faa3a1ed57a15358e465096"
  name = "github.com/nalej/grpc-authx-go"
  packages = ["."]
  pruneopts = ""
  revision = "1eda9772318a852d1de2139e075962e95fc8ef76"
  version = "v0.0.53"

[[projects]]
  digest = "1:138ee21ed5896c1c96e4e87ec0a5f729ab9be0545bd0362fc6ffdc39e81b0cff"
  name = "github.com/nalej/grpc-bus-go"
  packages = ["."]
  pruneopts = ""
  revision = "b59079ae38f7c9eb535b1876c6bb319fddf1baa4"
  version = "v0.0.21"

[[projects]]
  digest = "1:bfd0870c38704b5e43be3fd36c0b2726ffcfc0f232244a18f26db515deac754b"
  name = "github.com/nalej/grpc-cluster-watcher-go"
  packages = ["."]
  pruneopts = ""
  revision = "4f84f9d97050aac4b73c5c0fc45031081237b518"
  version = "v0.0.5"

[[projects]]
  digest = "1:afebe5d9834769b2016dbd9959f423658e53e6691c08090a746d26e2312b6207"
  name = "github.com/nalej/grpc-common-go"
  packages = ["."]
  pruneopts = ""
  revision = "6911d92a2f221527fe4ae93375ffe5a2b71b3c7a"
  version = "v0.0.34"

[[projects]]
  digest = "1:442429f610e3934106628ab549ddce78c45195ded6ba88ad76339b2a7756dc27"
  name = "github.com/nalej/grpc-conductor-go"
  packages = ["."]
  pruneopts = ""
  revision = "9cbe44351c8dbd004186abc61dff0430d497022a"
  version = "v0.0.96"

[[projects]]
  digest = "1:3efed612f5abd564fb8a67232e6512c94595879e9eae78fb5d99e499d0595a9d"
  name = "github.com/nalej/grpc-connectivity-manager-go"
  packages = ["."]
  pruneopts = ""
  revision = "6356ce4ee26d171c3b2ac47203a2e36f35875406"
  version = "v0.0.3"

[[projects]]
  digest = "1:0bad099051ea5df46222752d38f98673d2ccec88ab40e30a9ec3d1473cbcd634"
  name = "github.com/nalej/grpc-device-controller-go"
  packages = ["."]
  pruneopts = ""
  revision = "a17911a9960d5b17ac0b40f4613a07258b831e69"
  version = "v0.0.8"

[[projects]]
  digest = "1:3ca41f78bb85f99af2d8700df5eb03447f0660fba1360d78bf3fa6d10d89ac85"
  name = "github.com/nalej/grpc-device-go"
  packages = ["."]
  pruneopts = ""
  revision = "4d8993a2e3a050aff85f5f34e0508f84a6ccb270"
  version = "v0.0.38"

[[projects]]
  digest = "1:8bf6a4f61d120a58f7d0f5c623dfd0767ae7719fc98f9ebd12c0cd96205c6e12"
  name = "github.com/nalej/grpc-device-manager-go"
  packages = ["."]
  pruneopts = ""
  revision = "63520a6d8f6e6adaa2e49dcd0fd970eaf285e1de"
  version = "v0.0.14"

[[projects]]
  digest = "1:96864a28be1acbc494016c71070a8b3363c42f71c10bacde184249151020dd2b"
  name = "github.com/nalej/grpc-infrastructure-go"
  packages = ["."]
  pruneopts = ""
  revision = "53a3f3ecbb7a6504a7c51c452645197ece09709b"
  version = "v0.0.45"

[[projects]]
  digest = "1:3ff7102c03393dd8f56c2f8e7cc5f469bb83b2aa4800b64e25fe440214309d4e"
  name = "github.com/nalej/grpc-inventory-go"
  packages = ["."]
  pruneopts = ""
  revision = "e7ef121a4c1e38908a63afb1edde57fb24f15875"
  version = "v0.0.30"

[[projects]]
  digest = "1:aadce723b67827e0bdd529c2ec4b08609895c1959a1739d2f275d8d447d6c6c1"
  name = "github.com/nalej/grpc-inventory-manager-go"
  packages = ["."]
  pruneopts = ""
  revision = "9bc573adca95bf6e4debe84de9f6f4e30b266cab"
  version = "v0.0.56"

[[projects]]
  digest = "1:7751fa93ba35c03d96d9845818552006fd89da4ce00d1bbf67dee694e71bb9a8"
  name = "github.com/nalej/grpc-network-go"
  packages = ["."]
  pruneopts = ""
  revision = "93200c50283f7a231db85ab9753e23dd736b7daf"
  version = "v0.0.45"

[[projects]]
  digest = "1:0e5100c2c9fcced5b1c0f2306742cbd44dd401cfc52a4b90678c02277fb44ac2"
  name = "github.com/nalej/grpc-organization-go"
  packages = ["."]
  pruneopts = ""
  revision = "7d52d468280a36e3c7dff9633303edd50c416b0a"
  version = "v0.0.29"

[[projects]]
  digest = "1:742e280a68c2cbefdcc03e076ba7a2b22250cb9ba15e7e466eee55b0882e5282"
  name = "github.com/nalej/grpc-project-go"
  packages = ["."]
  pruneopts = ""
  revision = "37e82bc6c0190263e4856f6464b0cf06c9962dd5"
  version = "v0.0.2"

[[projects]]
  digest = "1:dbeda2ee45c23078db7b4873ee6b0ed06fe0be1a8fceb0ccefea5f8aa544fdf2"
  name = "github.com/nalej/grpc-user-go"
  packages = ["."]
  pruneopts = ""
  revision = "d8b3cc80788f39fadec3ca44c3fc1dff61a1971f"
  version = "v0.0.32"

[[projects]]
  digest = "1:9e74f6fbb11a09c042218844e2bba95a47cc468c741b80d7c2ffb4067c32b4cc"
  name = "github.com/onsi/ginkgo"
  packages = [
    ".",
    "config",
    "internal/codelocation",
    "internal/containernode",
    "internal/failer",
    "internal/leafnodes",
    "internal/remote",
    "internal/spec",
    "internal/spec_iterator",
    "internal/specrunner",
    "internal/suite",
    "internal/testingtproxy",
    "internal/writer",
    "reporters",
    "reporters/stenographer",
    "reporters/stenographer/support/go-colorable",
    "reporters/stenographer/support/go-isatty",
    "types",
  ]
  pruneopts = ""
  revision = "72b6ab036f78c4bf1a9748c3941dd7c3de54917a"
  version = "v1.10.2"

[[projects]]
  digest = "1:f201278781bbc4a1c20265278c28b80712ef90123563cc0a391d836fc49e0da5"
  name = "github.com/onsi/gomega"
  packages = [
    ".",
    "format",
    "internal/assertion",
    "internal/asyncassertion",
    "internal/oraclematcher",
    "internal/testingtsupport",
    "matchers",
    "matchers/support/goraph/bipartitegraph",
    "matchers/support/goraph/edge",
    "matchers/support/goraph/node",
    "matchers/support/goraph/util",
    "types",
  ]
  pruneopts = ""
  revision = "bdebf9e0ece900259084cfa4121b97ce1a540939"
  version = "v1.7.0"

[[projects]]
  digest = "1:8921255ee16213d31b57649d57425d515c3b81709f8468500ffbf18fab74c299"
  name = "github.com/rs/zerolog"
  packages = [
    ".",
    "internal/cbor",
    "internal/json",
    "log",
  ]
  pruneopts = ""
  revision = "b806a5ecbe5347ad9ef05121fea8f4acc65fa5fc"
  version = "v1.15.0"

[[projects]]
  digest = "1:0c63b3c7ad6d825a898f28cb854252a3b29d37700c68a117a977263f5ec94efe"
  name = "github.com/spf13/cobra"
  packages = ["."]
  pruneopts = ""
  revision = "f2b07da1e2c38d5f12845a4f607e2e1018cbb1f5"
  version = "v0.0.5"

[[projects]]
  digest = "1:688428eeb1ca80d92599eb3254bdf91b51d7e232fead3a73844c1f201a281e51"
  name = "github.com/spf13/pflag"
  packages = ["."]
  pruneopts = ""
  revision = "2e9d26c8c37aae03e3f9d4e90b7116f5accb7cab"
  version = "v1.0.5"

[[projects]]
  branch = "master"
  digest = "1:acd465770451fe2dd4c15565afc8244859dbcf490bde15cc3447741181e10f29"
  name = "golang.org/x/net"
  packages = [
    "context",
    "html",
    "html/atom",
    "html/charset",
    "http/httpguts",
    "http2",
    "http2/hpack",
    "idna",
    "internal/timeseries",
    "trace",
  ]
  pruneopts = ""
  revision = "ec77196f6094c3492a8b61f2c11cf937f78992ae"

[[projects]]
  branch = "master"
  digest = "1:f7859b24c4f7a2c384c3d6ef5cdd15641e26a22b3649a52b0ac08d35e518a0de"
  name = "golang.org/x/sys"
  packages = ["unix"]
  pruneopts = ""
  revision = "3e7259c5e7c2076bb2728047a3df75adb1bad8e5"

[[projects]]
  digest = "1:740b51a55815493a8d0f2b1e0d0ae48fe48953bf7eaf3fcc4198823bf67768c0"
  name = "golang.org/x/text"
  packages = [
    "collate",
    "collate/build",
    "encoding",
    "encoding/charmap",
    "encoding/htmlindex",
    "encoding/internal",
    "encoding/internal/identifier",
    "encoding/japanese",
    "encoding/korean",
    "encoding/simplifiedchinese",
    "encoding/traditionalchinese",
    "encoding/unicode",
    "internal/colltab",
    "internal/gen",
    "internal/language",
    "internal/language/compact",
    "internal/tag",
    "internal/triegen",
    "internal/ucd",
    "internal/utf8internal",
    "language",
    "runes",
    "secure/bidirule",
    "transform",
    "unicode/bidi",
    "unicode/cldr",
    "unicode/norm",
    "unicode/rangetable",
  ]
  pruneopts = ""
  revision = "342b2e1fbaa52c93f31447ad2c6abc048c63e475"
  version = "v0.3.2"

[[projects]]
  branch = "master"
  digest = "1:bedd0fc72fda1aa2d22cfaf0fc5ae939d77adae869f01c45f64af07f27e296bc"
  name = "google.golang.org/genproto"
  packages = [
    "googleapis/api/annotations",
    "googleapis/api/httpbody",
    "googleapis/rpc/status",
    "protobuf/field_mask",
  ]
  pruneopts = ""
  revision = "548a555dbc03994223efbaba0090152849259498"

[[projects]]
  digest = "1:30d215704e78c21ffff90aa8e86ca1a438fec2837bad082116510fe5a862af5e"
  name = "google.golang.org/grpc"
  packages = [
    ".",
    "balancer",
    "balancer/base",
    "balancer/roundrobin",
    "binarylog/grpc_binarylog_v1",
    "codes",
    "connectivity",
    "credentials",
    "credentials/internal",
    "encoding",
    "encoding/proto",
    "grpclog",
    "internal",
    "internal/backoff",
    "internal/balancerload",
    "internal/binarylog",
    "internal/channelz",
    "internal/envconfig",
    "internal/grpcrand",
    "internal/grpcsync",
    "internal/syscall",
    "internal/transport",
    "keepalive",
    "metadata",
    "naming",
    "peer",
    "resolver",
    "resolver/dns",
    "resolver/passthrough",
    "serviceconfig",
    "stats",
    "status",
    "tap",
  ]
  pruneopts = ""
  revision = "f6d0f9ee430895e87ef1ceb5ac8f39725bafceef"
  version = "v1.24.0"

[[projects]]
  digest = "1:eb53021a8aa3f599d29c7102e65026242bdedce998a54837dc67f14b6a97c5fd"
  name = "gopkg.in/fsnotify.v1"
  packages = ["."]
  pruneopts = ""
  revision = "c2828203cd70a50dcccfb2761f8b1f8ceef9a8e9"
  source = "https://github.com/fsnotify/fsnotify/archive/v1.4.7.tar.gz"
  version = "v1.4.7"

[[projects]]
  branch = "v1"
  digest = "1:a96d16bd088460f2e0685d46c39bcf1208ba46e0a977be2df49864ec7da447dd"
  name = "gopkg.in/tomb.v1"
  packages = ["."]
  pruneopts = ""
  revision = "dd632973f1e7218eb1089048e0798ec9ae7dceb8"

[[projects]]
  digest = "1:ab9547706f32a7535bb4f25d6b58ad00436630593cd3e3ed4602f1613ed84783"
  name = "gopkg.in/yaml.v2"
  packages = ["."]
  pruneopts = ""
  revision = "f221b8435cfb71e54062f6c6e99e9ade30b124d5"
  version = "v2.2.4"

[solve-meta]
  analyzer-name = "dep"
  analyzer-version = 1
  input-imports = [
    "github.com/Comcast/pulsar-client-go",
    "github.com/golang/protobuf/proto",
    "github.com/nalej/derrors",
    "github.com/nalej/grpc-application-network-go",
    "github.com/nalej/grpc-bus-go",
    "github.com/nalej/grpc-conductor-go",
    "github.com/nalej/grpc-connectivity-manager-go",
    "github.com/nalej/grpc-infrastructure-go",
    "github.com/nalej/grpc-inventory-go",
    "github.com/nalej/grpc-inventory-manager-go",
    "github.com/nalej/grpc-network-go",
    "github.com/onsi/ginkgo",
    "github.com/onsi/gomega",
    "github.com/rs/zerolog",
    "github.com/rs/zerolog/log",
    "github.com/spf13/cobra",
    "golang.org/x/net/context",
  ]
  solver-name = "gps-cdcl"
  solver-version = 1
